{
    "_meta": {
        "hash": {
            "sha256": "867cd38f7ce93f45ac107f966ef0baa66dd0cae60398c1f0872998a99c639e92"
        },
        "pipfile-spec": 6,
        "requires": {
            "python_full_version": "3.13.3",
            "python_version": "3.13"
        },
        "sources": [
            {
                "name": "pypi",
                "url": "https://pypi.org/simple",
                "verify_ssl": true
            }
        ]
    },
    "default": {
        "gputil": {
            "hashes": [
                "sha256:099e52c65e512cdfa8c8763fca67f5a5c2afb63469602d5dcb4d296b3661efb9"
            ],
            "index": "pypi",
            "version": "==1.4.0"
        },
        "mouse": {
            "hashes": [
                "sha256:d34bb9548890089fcb11988400e26f55c624e6c7b741fff75fedfdfbd37c0016"
            ],
            "index": "pypi",
            "version": "==0.7.1"
        },
        "psutil": {
            "hashes": [
                "sha256:101d71dc322e3cffd7cea0650b09b3d08b8e7c4109dd6809fe452dfd00e58b25",
                "sha256:1e744154a6580bc968a0195fd25e80432d3afec619daf145b9e5ba16cc1d688e",
                "sha256:1fcee592b4c6f146991ca55919ea3d1f8926497a713ed7faaf8225e174581e91",
                "sha256:39db632f6bb862eeccf56660871433e111b6ea58f2caea825571951d4b6aa3da",
                "sha256:4b1388a4f6875d7e2aff5c4ca1cc16c545ed41dd8bb596cefea80111db353a34",
                "sha256:4cf3d4eb1aa9b348dec30105c55cd9b7d4629285735a102beb4441e38db90553",
                "sha256:7be9c3eba38beccb6495ea33afd982a44074b78f28c434a1f51cc07fd315c456",
                "sha256:84df4eb63e16849689f76b1ffcb36db7b8de703d1bc1fe41773db487621b6c17",
                "sha256:a5f098451abc2828f7dc6b58d44b532b22f2088f4999a937557b603ce72b1993",
                "sha256:ba3fcef7523064a6c9da440fc4d6bd07da93ac726b5733c29027d7dc95b39d99"
            ],
            "index": "pypi",
            "markers": "python_version >= '3.6'",
            "version": "==7.0.0"
        },
        "pywin32": {
            "hashes": [
                "sha256:0867beb8addefa2e3979d4084352e4ac6e991ca45373390775f7084cc0209b9c",
                "sha256:126298077a9d7c95c53823934f000599f66ec9296b09167810eb24875f32689c",
                "sha256:19ec5fc9b1d51c4350be7bb00760ffce46e6c95eaf2f0b2f1150657b1a43c582",
                "sha256:1e765f9564e83011a63321bb9d27ec456a0ed90d3732c4b2e312b855365ed8bd",
                "sha256:2349cc906eae872d0663d4d6290d13b90621eaf78964bb1578632ff20e152966",
                "sha256:30f0a9b3138fb5e07eb4973b7077e1883f558e40c578c6925acc7a94c34eaa36",
                "sha256:33babed0cf0c92a6f94cc6cc13546ab24ee13e3e800e61ed87609ab91e4c8213",
                "sha256:5d241a659c496ada3253cd01cfaa779b048e90ce4b2b38cd44168ad555ce74ab",
                "sha256:667827eb3a90208ddbdcc9e860c81bde63a135710e21e4cb3348968e4bd5249e",
                "sha256:6dd97011efc8bf51d6793a82292419eba2c71cf8e7250cfac03bba284454abc1",
                "sha256:851c8d927af0d879221e616ae1f66145253537bbdd321a77e8ef701b443a9a1a",
                "sha256:8a75a5cc3893e83a108c05d82198880704c44bbaee4d06e442e471d3c9ea4f3d",
                "sha256:96867217335559ac619f00ad70e513c0fcf84b8a3af9fc2bba3b59b97da70475",
                "sha256:bf5c397c9a9a19a6f62f3fb821fbf36cac08f03770056711f765ec1503972060",
                "sha256:c3e78706e4229b915a0821941a84e7ef420bf2b77e08c9dae3c76fd03fd2ae3d",
                "sha256:e308f831de771482b7cf692a1f308f8fca701b2d8f9dde6cc440c7da17e47b33"
            ],
            "version": "==310"
        },
        "wmi": {
            "hashes": [
                "sha256:1d6b085e5c445141c475476000b661f60fff1aaa19f76bf82b7abb92e0ff4942",
                "sha256:b6a6be5711b1b6c8d55bda7a8befd75c48c12b770b9d227d31c1737dbf0d40a6"
            ],
            "index": "pypi",
            "version": "==1.5.1"
        }
    },
    "develop": {}
}
